dependencies:
- name: victoria-metrics-k8s-stack
  repository: https://victoriametrics.github.io/helm-charts/
  version: 0.25.5
- name: prometheus-blackbox-exporter
  repository: https://prometheus-community.github.io/helm-charts/
  version: 8.17.0
- name: prometheus-msteams
  repository: https://prometheus-msteams.github.io/prometheus-msteams/
  version: 1.3.4
digest: sha256:18a175a3496a024547a8d1a6b5176130f0d64965b74417fbb44486814d61e476
generated: "2024-10-15T07:20:57.701511392Z"
